{
    "_readme": [
        "This file locks the dependencies of your project to a known state",
        "Read more about it at http://getcomposer.org/doc/01-basic-usage.md#composer-lock-the-lock-file"
    ],
    "hash": "318100d3910d9cce57ad583059d44fb2",
    "packages": [
        {
            "name": "lib/curl",
            "version": "dev-master",
            "source": {
                "type": "git",
                "url": "https://github.com/andrefigueira/Lib-Curl.git",
                "reference": "4df33a5c143da74e62dcbf6f5c36c2a53e222a1c"
            },
            "dist": {
                "type": "zip",
                "url": "https://api.github.com/repos/andrefigueira/Lib-Curl/zipball/4df33a5c143da74e62dcbf6f5c36c2a53e222a1c",
                "reference": "4df33a5c143da74e62dcbf6f5c36c2a53e222a1c",
                "shasum": ""
            },
            "require": {
                "php": ">=5.3.0"
            },
            "type": "library",
            "autoload": {
                "psr-0": {
                    "Curl": "lib/"
                }
            },
            "notification-url": "https://packagist.org/downloads/",
            "time": "2013-12-02 15:26:36"
        }
    ],
    "packages-dev": [

    ],
    "aliases": [

    ],
    "minimum-stability": "stable",
    "stability-flags": {
        "lib/curl": 20
    },
    "platform": [

    ],
    "platform-dev": [

    ]
}
